
Microsoft Visual Studio Solution File, Format Version 12.00
# Visual Studio Version 17
VisualStudioVersion = 17.0.0.0
MinimumVisualStudioVersion = 10.0.40219.1
Project("{FAE04EC0-301F-11D3-BF4B-00C04F79EFBC}") = "VT2ModUpdater", "src\VT2ModUpdater\VT2ModUpdater.csproj", "{A1B2C3D4-E5F6-7890-1234-567890ABCDEF}"
EndProject
Project("{2150E333-8FDC-42A3-9474-1A3956D46DE8}") = "tests", "tests", "{0AB3BF05-4346-4AA6-1389-037BE0695223}"
EndProject
Project("{FAE04EC0-301F-11D3-BF4B-00C04F79EFBC}") = "VT2ModUpdater.Tests", "tests\VT2ModUpdater.Tests\VT2ModUpdater.Tests.csproj", "{815958DF-4F11-4843-B805-E3B99E6F8777}"
EndProject
Project("{FAE04EC0-301F-11D3-BF4B-00C04F79EFBC}") = "VT2ModUpdater.SourceExactCrashHarness", "tests\VT2ModUpdater.SourceExactCrashHarness\VT2ModUpdater.SourceExactCrashHarness.csproj", "{DAB34EE1-8026-4DD5-A9C9-98D6488EAD30}"
EndProject
Global
	GlobalSection(SolutionConfigurationPlatforms) = preSolution
		Debug|Any CPU = Debug|Any CPU
		Debug|x64 = Debug|x64
		Debug|x86 = Debug|x86
		Release|Any CPU = Release|Any CPU
		Release|x64 = Release|x64
		Release|x86 = Release|x86
	EndGlobalSection
	GlobalSection(ProjectConfigurationPlatforms) = postSolution
		{A1B2C3D4-E5F6-7890-1234-567890ABCDEF}.Debug|Any CPU.ActiveCfg = Debug|Any CPU
		{A1B2C3D4-E5F6-7890-1234-567890ABCDEF}.Debug|Any CPU.Build.0 = Debug|Any CPU
		{A1B2C3D4-E5F6-7890-1234-567890ABCDEF}.Debug|x64.ActiveCfg = Debug|Any CPU
		{A1B2C3D4-E5F6-7890-1234-567890ABCDEF}.Debug|x64.Build.0 = Debug|Any CPU
		{A1B2C3D4-E5F6-7890-1234-567890ABCDEF}.Debug|x86.ActiveCfg = Debug|Any CPU
		{A1B2C3D4-E5F6-7890-1234-567890ABCDEF}.Debug|x86.Build.0 = Debug|Any CPU
		{A1B2C3D4-E5F6-7890-1234-567890ABCDEF}.Release|Any CPU.ActiveCfg = Release|Any CPU
		{A1B2C3D4-E5F6-7890-1234-567890ABCDEF}.Release|Any CPU.Build.0 = Release|Any CPU
		{A1B2C3D4-E5F6-7890-1234-567890ABCDEF}.Release|x64.ActiveCfg = Release|Any CPU
		{A1B2C3D4-E5F6-7890-1234-567890ABCDEF}.Release|x64.Build.0 = Release|Any CPU
		{A1B2C3D4-E5F6-7890-1234-567890ABCDEF}.Release|x86.ActiveCfg = Release|Any CPU
		{A1B2C3D4-E5F6-7890-1234-567890ABCDEF}.Release|x86.Build.0 = Release|Any CPU
		{815958DF-4F11-4843-B805-E3B99E6F8777}.Debug|Any CPU.ActiveCfg = Debug|Any CPU
		{815958DF-4F11-4843-B805-E3B99E6F8777}.Debug|Any CPU.Build.0 = Debug|Any CPU
		{815958DF-4F11-4843-B805-E3B99E6F8777}.Debug|x64.ActiveCfg = Debug|Any CPU
		{815958DF-4F11-4843-B805-E3B99E6F8777}.Debug|x64.Build.0 = Debug|Any CPU
		{815958DF-4F11-4843-B805-E3B99E6F8777}.Debug|x86.ActiveCfg = Debug|Any CPU
		{815958DF-4F11-4843-B805-E3B99E6F8777}.Debug|x86.Build.0 = Debug|Any CPU
		{815958DF-4F11-4843-B805-E3B99E6F8777}.Release|Any CPU.ActiveCfg = Release|Any CPU
		{815958DF-4F11-4843-B805-E3B99E6F8777}.Release|Any CPU.Build.0 = Release|Any CPU
		{815958DF-4F11-4843-B805-E3B99E6F8777}.Release|x64.ActiveCfg = Release|Any CPU
		{815958DF-4F11-4843-B805-E3B99E6F8777}.Release|x64.Build.0 = Release|Any CPU
		{815958DF-4F11-4843-B805-E3B99E6F8777}.Release|x86.ActiveCfg = Release|Any CPU
		{815958DF-4F11-4843-B805-E3B99E6F8777}.Release|x86.Build.0 = Release|Any CPU
		{DAB34EE1-8026-4DD5-A9C9-98D6488EAD30}.Debug|Any CPU.ActiveCfg = Debug|Any CPU
		{DAB34EE1-8026-4DD5-A9C9-98D6488EAD30}.Debug|Any CPU.Build.0 = Debug|Any CPU
		{DAB34EE1-8026-4DD5-A9C9-98D6488EAD30}.Debug|x64.ActiveCfg = Debug|Any CPU
		{DAB34EE1-8026-4DD5-A9C9-98D6488EAD30}.Debug|x64.Build.0 = Debug|Any CPU
		{DAB34EE1-8026-4DD5-A9C9-98D6488EAD30}.Debug|x86.ActiveCfg = Debug|Any CPU
		{DAB34EE1-8026-4DD5-A9C9-98D6488EAD30}.Debug|x86.Build.0 = Debug|Any CPU
		{DAB34EE1-8026-4DD5-A9C9-98D6488EAD30}.Release|Any CPU.ActiveCfg = Release|Any CPU
		{DAB34EE1-8026-4DD5-A9C9-98D6488EAD30}.Release|Any CPU.Build.0 = Release|Any CPU
		{DAB34EE1-8026-4DD5-A9C9-98D6488EAD30}.Release|x64.ActiveCfg = Release|Any CPU
		{DAB34EE1-8026-4DD5-A9C9-98D6488EAD30}.Release|x64.Build.0 = Release|Any CPU
		{DAB34EE1-8026-4DD5-A9C9-98D6488EAD30}.Release|x86.ActiveCfg = Release|Any CPU
		{DAB34EE1-8026-4DD5-A9C9-98D6488EAD30}.Release|x86.Build.0 = Release|Any CPU
	EndGlobalSection
	GlobalSection(SolutionProperties) = preSolution
		HideSolutionNode = FALSE
	EndGlobalSection
	GlobalSection(NestedProjects) = preSolution
		{815958DF-4F11-4843-B805-E3B99E6F8777} = {0AB3BF05-4346-4AA6-1389-037BE0695223}
		{DAB34EE1-8026-4DD5-A9C9-98D6488EAD30} = {0AB3BF05-4346-4AA6-1389-037BE0695223}
	EndGlobalSection
EndGlobal
